// !$*UTF8*$!
{
	archiveVersion = 1;
	classes = {
	};
	objectVersion = 77;
	objects = {

/* Begin PBXBuildFile section */
		907A28B22EEEC46D003FC6F2 /* GoogleSignIn in Frameworks */ = {isa = PBXBuildFile; productRef = 907A28B12EEEC46D003FC6F2 /* GoogleSignIn */; };
		907A28B42EEEC46D003FC6F2 /* GoogleSignInSwift in Frameworks */ = {isa = PBXBuildFile; productRef = 907A28B32EEEC46D003FC6F2 /* GoogleSignInSwift */; };
		907A28B72EEEC506003FC6F2 /* FirebaseAuth in Frameworks */ = {isa = PBXBuildFile; productRef = 907A28B62EEEC506003FC6F2 /* FirebaseAuth */; };
		907A28B92EEEC506003FC6F2 /* FirebaseCore in Frameworks */ = {isa = PBXBuildFile; productRef = 907A28B82EEEC506003FC6F2 /* FirebaseCore */; };
		907A28BB2EEEC506003FC6F2 /* FirebaseFirestore in Frameworks */ = {isa = PBXBuildFile; productRef = 907A28BA2EEEC506003FC6F2 /* FirebaseFirestore */; };
		90AC97FD2EFB122700768BD5 /* FirebaseAILogic in Frameworks */ = {isa = PBXBuildFile; productRef = 90AC97FC2EFB122700768BD5 /* FirebaseAILogic */; };
		90C1624C2EFE4EBF00F07ED7 /* Auth0 in Frameworks */ = {isa = PBXBuildFile; productRef = 90C1624B2EFE4EBF00F07ED7 /* Auth0 */; };
		90C50FC82EF9B0790062B131 /* Lottie in Frameworks */ = {isa = PBXBuildFile; productRef = 90C50FC72EF9B0790062B131 /* Lottie */; };
/* End PBXBuildFile section */

/* Begin PBXContainerItemProxy section */
		90F9EA972EEE0B6700A8FF23 /* PBXContainerItemProxy */ = {
			isa = PBXContainerItemProxy;
			containerPortal = 90F9EA812EEE0B6600A8FF23 /* Project object */;
			proxyType = 1;
			remoteGlobalIDString = 90F9EA882EEE0B6600A8FF23;
			remoteInfo = WatchToHeal;
		};
		90F9EAA12EEE0B6700A8FF23 /* PBXContainerItemProxy */ = {
			isa = PBXContainerItemProxy;
			containerPortal = 90F9EA812EEE0B6600A8FF23 /* Project object */;
			proxyType = 1;
			remoteGlobalIDString = 90F9EA882EEE0B6600A8FF23;
			remoteInfo = WatchToHeal;
		};
/* End PBXContainerItemProxy section */

/* Begin PBXCopyFilesBuildPhase section */
		90C50FCE2EF9B19A0062B131 /* Embed Frameworks */ = {
			isa = PBXCopyFilesBuildPhase;
			buildActionMask = 2147483647;
			dstPath = "";
			dstSubfolderSpec = 10;
			files = (
			);
			name = "Embed Frameworks";
			runOnlyForDeploymentPostprocessing = 0;
		};
/* End PBXCopyFilesBuildPhase section */

/* Begin PBXFileReference section */
		90F9EA892EEE0B6600A8FF23 /* WatchToHeal.app */ = {isa = PBXFileReference; explicitFileType = wrapper.application; includeInIndex = 0; path = WatchToHeal.app; sourceTree = BUILT_PRODUCTS_DIR; };
		90F9EA962EEE0B6700A8FF23 /* WatchToHealTests.xctest */ = {isa = PBXFileReference; explicitFileType = wrapper.cfbundle; includeInIndex = 0; path = WatchToHealTests.xctest; sourceTree = BUILT_PRODUCTS_DIR; };
		90F9EAA02EEE0B6700A8FF23 /* WatchToHealUITests.xctest */ = {isa = PBXFileReference; explicitFileType = wrapper.cfbundle; includeInIndex = 0; path = WatchToHealUITests.xctest; sourceTree = BUILT_PRODUCTS_DIR; };
/* End PBXFileReference section */

/* Begin PBXFileSystemSynchronizedBuildFileExceptionSet section */
		90EA515A2EEE1A6B00CA577E /* Exceptions for "WatchToHeal" folder in "WatchToHeal" target */ = {
			isa = PBXFileSystemSynchronizedBuildFileExceptionSet;
			membershipExceptions = (
				Info.plist,
			);
			target = 90F9EA882EEE0B6600A8FF23 /* WatchToHeal */;
		};
/* End PBXFileSystemSynchronizedBuildFileExceptionSet section */

/* Begin PBXFileSystemSynchronizedRootGroup section */
		90F9EA8B2EEE0B6600A8FF23 /* WatchToHeal */ = {
			isa = PBXFileSystemSynchronizedRootGroup;
			exceptions = (
				90EA515A2EEE1A6B00CA577E /* Exceptions for "WatchToHeal" folder in "WatchToHeal" target */,
			);
			path = WatchToHeal;
			sourceTree = "<group>";
		};
/* End PBXFileSystemSynchronizedRootGroup section */

/* Begin PBXFrameworksBuildPhase section */
		90F9EA862EEE0B6600A8FF23 /* Frameworks */ = {
			isa = PBXFrameworksBuildPhase;
			buildActionMask = 2147483647;
			files = (
				907A28B22EEEC46D003FC6F2 /* GoogleSignIn in Frameworks */,
				907A28B72EEEC506003FC6F2 /* FirebaseAuth in Frameworks */,
				907A28B92EEEC506003FC6F2 /* FirebaseCore in Frameworks */,
				90AC97FD2EFB122700768BD5 /* FirebaseAILogic in Frameworks */,
				907A28BB2EEEC506003FC6F2 /* FirebaseFirestore in Frameworks */,
				907A28B42EEEC46D003FC6F2 /* GoogleSignInSwift in Frameworks */,
				90C50FC82EF9B0790062B131 /* Lottie in Frameworks */,
				90C1624C2EFE4EBF00F07ED7 /* Auth0 in Frameworks */,
			);
			runOnlyForDeploymentPostprocessing = 0;
		};
		90F9EA932EEE0B6700A8FF23 /* Frameworks */ = {
			isa = PBXFrameworksBuildPhase;
			buildActionMask = 2147483647;
			files = (
			);
			runOnlyForDeploymentPostprocessing = 0;
		};
		90F9EA9D2EEE0B6700A8FF23 /* Frameworks */ = {
			isa = PBXFrameworksBuildPhase;
			buildActionMask = 2147483647;
			files = (
			);
			runOnlyForDeploymentPostprocessing = 0;
		};
/* End PBXFrameworksBuildPhase section */

/* Begin PBXGroup section */
		90C50FCF2EF9B1CE0062B131 /* Frameworks */ = {
			isa = PBXGroup;
			children = (
			);
			name = Frameworks;
			sourceTree = "<group>";
		};
		90F9EA802EEE0B6600A8FF23 = {
			isa = PBXGroup;
			children = (
				90F9EA8B2EEE0B6600A8FF23 /* WatchToHeal */,
				90C50FCF2EF9B1CE0062B131 /* Frameworks */,
				90F9EA8A2EEE0B6600A8FF23 /* Products */,
			);
			sourceTree = "<group>";
		};
		90F9EA8A2EEE0B6600A8FF23 /* Products */ = {
			isa = PBXGroup;
			children = (
				90F9EA892EEE0B6600A8FF23 /* WatchToHeal.app */,
				90F9EA962EEE0B6700A8FF23 /* WatchToHealTests.xctest */,
				90F9EAA02EEE0B6700A8FF23 /* WatchToHealUITests.xctest */,
			);
			name = Products;
			sourceTree = "<group>";
		};
/* End PBXGroup section */

/* Begin PBXNativeTarget section */
		90F9EA882EEE0B6600A8FF23 /* WatchToHeal */ = {
			isa = PBXNativeTarget;
			buildConfigurationList = 90F9EAAA2EEE0B6700A8FF23 /* Build configuration list for PBXNativeTarget "WatchToHeal" */;
			buildPhases = (
				90F9EA852EEE0B6600A8FF23 /* Sources */,
				90F9EA862EEE0B6600A8FF23 /* Frameworks */,
				90F9EA872EEE0B6600A8FF23 /* Resources */,
				90C50FCE2EF9B19A0062B131 /* Embed Frameworks */,
			);
			buildRules = (
			);
			dependencies = (
			);
			fileSystemSynchronizedGroups = (
				90F9EA8B2EEE0B6600A8FF23 /* WatchToHeal */,
			);
			name = WatchToHeal;
			packageProductDependencies = (
				907A28B12EEEC46D003FC6F2 /* GoogleSignIn */,
				907A28B32EEEC46D003FC6F2 /* GoogleSignInSwift */,
				907A28B62EEEC506003FC6F2 /* FirebaseAuth */,
				907A28B82EEEC506003FC6F2 /* FirebaseCore */,
				907A28BA2EEEC506003FC6F2 /* FirebaseFirestore */,
				90C50FC72EF9B0790062B131 /* Lottie */,
				90AC97FC2EFB122700768BD5 /* FirebaseAILogic */,
				90C1624B2EFE4EBF00F07ED7 /* Auth0 */,
			);
			productName = WatchToHeal;
			productReference = 90F9EA892EEE0B6600A8FF23 /* WatchToHeal.app */;
			productType = "com.apple.product-type.application";
		};
		90F9EA952EEE0B6700A8FF23 /* WatchToHealTests */ = {
			isa = PBXNativeTarget;
			buildConfigurationList = 90F9EAAD2EEE0B6700A8FF23 /* Build configuration list for PBXNativeTarget "WatchToHealTests" */;
			buildPhases = (
				90F9EA922EEE0B6700A8FF23 /* Sources */,
				90F9EA932EEE0B6700A8FF23 /* Frameworks */,
				90F9EA942EEE0B6700A8FF23 /* Resources */,
			);
			buildRules = (
			);
			dependencies = (
				90F9EA982EEE0B6700A8FF23 /* PBXTargetDependency */,
			);
			name = WatchToHealTests;
			packageProductDependencies = (
			);
			productName = WatchToHealTests;
			productReference = 90F9EA962EEE0B6700A8FF23 /* WatchToHealTests.xctest */;
			productType = "com.apple.product-type.bundle.unit-test";
		};
		90F9EA9F2EEE0B6700A8FF23 /* WatchToHealUITests */ = {
			isa = PBXNativeTarget;
			buildConfigurationList = 90F9EAB02EEE0B6700A8FF23 /* Build configuration list for PBXNativeTarget "WatchToHealUITests" */;
			buildPhases = (
				90F9EA9C2EEE0B6700A8FF23 /* Sources */,
				90F9EA9D2EEE0B6700A8FF23 /* Frameworks */,
				90F9EA9E2EEE0B6700A8FF23 /* Resources */,
			);
			buildRules = (
			);
			dependencies = (
				90F9EAA22EEE0B6700A8FF23 /* PBXTargetDependency */,
			);
			name = WatchToHealUITests;
			packageProductDependencies = (
			);
			productName = WatchToHealUITests;
			productReference = 90F9EAA02EEE0B6700A8FF23 /* WatchToHealUITests.xctest */;
			productType = "com.apple.product-type.bundle.ui-testing";
		};
/* End PBXNativeTarget section */

/* Begin PBXProject section */
		90F9EA812EEE0B6600A8FF23 /* Project object */ = {
			isa = PBXProject;
			attributes = {
				BuildIndependentTargetsInParallel = 1;
				LastSwiftUpdateCheck = 2620;
				LastUpgradeCheck = 2620;
				TargetAttributes = {
					90F9EA882EEE0B6600A8FF23 = {
						CreatedOnToolsVersion = 26.2;
					};
					90F9EA952EEE0B6700A8FF23 = {
						CreatedOnToolsVersion = 26.2;
						TestTargetID = 90F9EA882EEE0B6600A8FF23;
					};
					90F9EA9F2EEE0B6700A8FF23 = {
						CreatedOnToolsVersion = 26.2;
						TestTargetID = 90F9EA882EEE0B6600A8FF23;
					};
				};
			};
			buildConfigurationList = 90F9EA842EEE0B6600A8FF23 /* Build configuration list for PBXProject "WatchToHeal" */;
			developmentRegion = en;
			hasScannedForEncodings = 0;
			knownRegions = (
				en,
				Base,
			);
			mainGroup = 90F9EA802EEE0B6600A8FF23;
			minimizedProjectReferenceProxies = 1;
			packageReferences = (
				907A28B02EEEC46D003FC6F2 /* XCRemoteSwiftPackageReference "GoogleSignIn-iOS" */,
				907A28B52EEEC506003FC6F2 /* XCRemoteSwiftPackageReference "firebase-ios-sdk" */,
				90C50FC62EF9B0790062B131 /* XCRemoteSwiftPackageReference "lottie-ios" */,
				90C1624A2EFE4EBF00F07ED7 /* XCRemoteSwiftPackageReference "Auth0" */,
			);
			preferredProjectObjectVersion = 77;
			productRefGroup = 90F9EA8A2EEE0B6600A8FF23 /* Products */;
			projectDirPath = "";
			projectRoot = "";
			targets = (
				90F9EA882EEE0B6600A8FF23 /* WatchToHeal */,
				90F9EA952EEE0B6700A8FF23 /* WatchToHealTests */,
				90F9EA9F2EEE0B6700A8FF23 /* WatchToHealUITests */,
			);
		};
/* End PBXProject section */

/* Begin PBXResourcesBuildPhase section */
		90F9EA872EEE0B6600A8FF23 /* Resources */ = {
			isa = PBXResourcesBuildPhase;
			buildActionMask = 2147483647;
			files = (
			);
			runOnlyForDeploymentPostprocessing = 0;
		};
		90F9EA942EEE0B6700A8FF23 /* Resources */ = {
			isa = PBXResourcesBuildPhase;
			buildActionMask = 2147483647;
			files = (
			);
			runOnlyForDeploymentPostprocessing = 0;
		};
		90F9EA9E2EEE0B6700A8FF23 /* Resources */ = {
			isa = PBXResourcesBuildPhase;
			buildActionMask = 2147483647;
			files = (
			);
			runOnlyForDeploymentPostprocessing = 0;
		};
/* End PBXResourcesBuildPhase section */

/* Begin PBXSourcesBuildPhase section */
		90F9EA852EEE0B6600A8FF23 /* Sources */ = {
			isa = PBXSourcesBuildPhase;
			buildActionMask = 2147483647;
			files = (
			);
			runOnlyForDeploymentPostprocessing = 0;
		};
		90F9EA922EEE0B6700A8FF23 /* Sources */ = {
			isa = PBXSourcesBuildPhase;
			buildActionMask = 2147483647;
			files = (
			);
			runOnlyForDeploymentPostprocessing = 0;
		};
		90F9EA9C2EEE0B6700A8FF23 /* Sources */ = {
			isa = PBXSourcesBuildPhase;
			buildActionMask = 2147483647;
			files = (
			);
			runOnlyForDeploymentPostprocessing = 0;
		};
/* End PBXSourcesBuildPhase section */

/* Begin PBXTargetDependency section */
		90F9EA982EEE0B6700A8FF23 /* PBXTargetDependency */ = {
			isa = PBXTargetDependency;
			target = 90F9EA882EEE0B6600A8FF23 /* WatchToHeal */;
			targetProxy = 90F9EA972EEE0B6700A8FF23 /* PBXContainerItemProxy */;
		};
		90F9EAA22EEE0B6700A8FF23 /* PBXTargetDependency */ = {
			isa = PBXTargetDependency;
			target = 90F9EA882EEE0B6600A8FF23 /* WatchToHeal */;
			targetProxy = 90F9EAA12EEE0B6700A8FF23 /* PBXContainerItemProxy */;
		};
/* End PBXTargetDependency section */

/* Begin XCBuildConfiguration section */
		90F9EAA82EEE0B6700A8FF23 /* Debug */ = {
			isa = XCBuildConfiguration;
			buildSettings = {
				ALWAYS_SEARCH_USER_PATHS = NO;
				ASSETCATALOG_COMPILER_GENERATE_SWIFT_ASSET_SYMBOL_EXTENSIONS = YES;
				CLANG_ANALYZER_NONNULL = YES;
				CLANG_ANALYZER_NUMBER_OBJECT_CONVERSION = YES_AGGRESSIVE;
				CLANG_CXX_LANGUAGE_STANDARD = "gnu++20";
				CLANG_ENABLE_MODULES = YES;
				CLANG_ENABLE_OBJC_ARC = YES;
				CLANG_ENABLE_OBJC_WEAK = YES;
				CLANG_WARN_BLOCK_CAPTURE_AUTORELEASING = YES;
				CLANG_WARN_BOOL_CONVERSION = YES;
				CLANG_WARN_COMMA = YES;
				CLANG_WARN_CONSTANT_CONVERSION = YES;
				CLANG_WARN_DEPRECATED_OBJC_IMPLEMENTATIONS = YES;
				CLANG_WARN_DIRECT_OBJC_ISA_USAGE = YES_ERROR;
				CLANG_WARN_DOCUMENTATION_COMMENTS = YES;
				CLANG_WARN_EMPTY_BODY = YES;
				CLANG_WARN_ENUM_CONVERSION = YES;
				CLANG_WARN_INFINITE_RECURSION = YES;
				CLANG_WARN_INT_CONVERSION = YES;
				CLANG_WARN_NON_LITERAL_NULL_CONVERSION = YES;
				CLANG_WARN_OBJC_IMPLICIT_RETAIN_SELF = YES;
				CLANG_WARN_OBJC_LITERAL_CONVERSION = YES;
				CLANG_WARN_OBJC_ROOT_CLASS = YES_ERROR;
				CLANG_WARN_QUOTED_INCLUDE_IN_FRAMEWORK_HEADER = YES;
				CLANG_WARN_RANGE_LOOP_ANALYSIS = YES;
				CLANG_WARN_STRICT_PROTOTYPES = YES;
				CLANG_WARN_SUSPICIOUS_MOVE = YES;
				CLANG_WARN_UNGUARDED_AVAILABILITY = YES_AGGRESSIVE;
				CLANG_WARN_UNREACHABLE_CODE = YES;
				CLANG_WARN__DUPLICATE_METHOD_MATCH = YES;
				COPY_PHASE_STRIP = NO;
				DEBUG_INFORMATION_FORMAT = dwarf;
				DEVELOPMENT_TEAM = 8D5D6HU857;
				ENABLE_STRICT_OBJC_MSGSEND = YES;
				ENABLE_TESTABILITY = YES;
				ENABLE_USER_SCRIPT_SANDBOXING = YES;
				GCC_C_LANGUAGE_STANDARD = gnu17;
				GCC_DYNAMIC_NO_PIC = NO;
				GCC_NO_COMMON_BLOCKS = YES;
				GCC_OPTIMIZATION_LEVEL = 0;
				GCC_PREPROCESSOR_DEFINITIONS = (
					"DEBUG=1",
					"$(inherited)",
				);
				GCC_WARN_64_TO_32_BIT_CONVERSION = YES;
				GCC_WARN_ABOUT_RETURN_TYPE = YES_ERROR;
				GCC_WARN_UNDECLARED_SELECTOR = YES;
				GCC_WARN_UNINITIALIZED_AUTOS = YES_AGGRESSIVE;
				GCC_WARN_UNUSED_FUNCTION = YES;
				GCC_WARN_UNUSED_VARIABLE = YES;
				IPHONEOS_DEPLOYMENT_TARGET = 26.2;
				LOCALIZATION_PREFERS_STRING_CATALOGS = YES;
				MTL_ENABLE_DEBUG_INFO = INCLUDE_SOURCE;
				MTL_FAST_MATH = YES;
				ONLY_ACTIVE_ARCH = YES;
				SDKROOT = iphoneos;
				SWIFT_ACTIVE_COMPILATION_CONDITIONS = "DEBUG $(inherited)";
				SWIFT_OPTIMIZATION_LEVEL = "-Onone";
			};
			name = Debug;
		};
		90F9EAA92EEE0B6700A8FF23 /* Release */ = {
			isa = XCBuildConfiguration;
			buildSettings = {
				ALWAYS_SEARCH_USER_PATHS = NO;
				ASSETCATALOG_COMPILER_GENERATE_SWIFT_ASSET_SYMBOL_EXTENSIONS = YES;
				CLANG_ANALYZER_NONNULL = YES;
				CLANG_ANALYZER_NUMBER_OBJECT_CONVERSION = YES_AGGRESSIVE;
				CLANG_CXX_LANGUAGE_STANDARD = "gnu++20";
				CLANG_ENABLE_MODULES = YES;
				CLANG_ENABLE_OBJC_ARC = YES;
				CLANG_ENABLE_OBJC_WEAK = YES;
				CLANG_WARN_BLOCK_CAPTURE_AUTORELEASING = YES;
				CLANG_WARN_BOOL_CONVERSION = YES;
				CLANG_WARN_COMMA = YES;
				CLANG_WARN_CONSTANT_CONVERSION = YES;
				CLANG_WARN_DEPRECATED_OBJC_IMPLEMENTATIONS = YES;
				CLANG_WARN_DIRECT_OBJC_ISA_USAGE = YES_ERROR;
				CLANG_WARN_DOCUMENTATION_COMMENTS = YES;
				CLANG_WARN_EMPTY_BODY = YES;
				CLANG_WARN_ENUM_CONVERSION = YES;
				CLANG_WARN_INFINITE_RECURSION = YES;
				CLANG_WARN_INT_CONVERSION = YES;
				CLANG_WARN_NON_LITERAL_NULL_CONVERSION = YES;
				CLANG_WARN_OBJC_IMPLICIT_RETAIN_SELF = YES;
				CLANG_WARN_OBJC_LITERAL_CONVERSION = YES;
				CLANG_WARN_OBJC_ROOT_CLASS = YES_ERROR;
				CLANG_WARN_QUOTED_INCLUDE_IN_FRAMEWORK_HEADER = YES;
				CLANG_WARN_RANGE_LOOP_ANALYSIS = YES;
				CLANG_WARN_STRICT_PROTOTYPES = YES;
				CLANG_WARN_SUSPICIOUS_MOVE = YES;
				CLANG_WARN_UNGUARDED_AVAILABILITY = YES_AGGRESSIVE;
				CLANG_WARN_UNREACHABLE_CODE = YES;
				CLANG_WARN__DUPLICATE_METHOD_MATCH = YES;
				COPY_PHASE_STRIP = NO;
				DEBUG_INFORMATION_FORMAT = "dwarf-with-dsym";
				DEVELOPMENT_TEAM = 8D5D6HU857;
				ENABLE_NS_ASSERTIONS = NO;
				ENABLE_STRICT_OBJC_MSGSEND = YES;
				ENABLE_USER_SCRIPT_SANDBOXING = YES;
				GCC_C_LANGUAGE_STANDARD = gnu17;
				GCC_NO_COMMON_BLOCKS = YES;
				GCC_WARN_64_TO_32_BIT_CONVERSION = YES;
				GCC_WARN_ABOUT_RETURN_TYPE = YES_ERROR;
				GCC_WARN_UNDECLARED_SELECTOR = YES;
				GCC_WARN_UNINITIALIZED_AUTOS = YES_AGGRESSIVE;
				GCC_WARN_UNUSED_FUNCTION = YES;
				GCC_WARN_UNUSED_VARIABLE = YES;
				IPHONEOS_DEPLOYMENT_TARGET = 26.2;
				LOCALIZATION_PREFERS_STRING_CATALOGS = YES;
				MTL_ENABLE_DEBUG_INFO = NO;
				MTL_FAST_MATH = YES;
				SDKROOT = iphoneos;
				SWIFT_COMPILATION_MODE = wholemodule;
				VALIDATE_PRODUCT = YES;
			};
			name = Release;
		};
		90F9EAAB2EEE0B6700A8FF23 /* Debug */ = {
			isa = XCBuildConfiguration;
			buildSettings = {
				ASSETCATALOG_COMPILER_APPICON_NAME = AppIcon;
				ASSETCATALOG_COMPILER_GLOBAL_ACCENT_COLOR_NAME = AccentColor;
				CODE_SIGN_STYLE = Automatic;
				CURRENT_PROJECT_VERSION = 1;
				DEVELOPMENT_TEAM = 428T9SP6S4;
				ENABLE_PREVIEWS = YES;
				GENERATE_INFOPLIST_FILE = YES;
				INFOPLIST_FILE = WatchToHeal/Info.plist;
				INFOPLIST_KEY_UIApplicationSceneManifest_Generation = YES;
				INFOPLIST_KEY_UIApplicationSupportsIndirectInputEvents = YES;
				INFOPLIST_KEY_UILaunchScreen_Generation = YES;
				INFOPLIST_KEY_UISupportedInterfaceOrientations_iPad = "UIInterfaceOrientationPortrait UIInterfaceOrientationPortraitUpsideDown UIInterfaceOrientationLandscapeLeft UIInterfaceOrientationLandscapeRight";
				INFOPLIST_KEY_UISupportedInterfaceOrientations_iPhone = "UIInterfaceOrientationPortrait UIInterfaceOrientationLandscapeLeft UIInterfaceOrientationLandscapeRight";
				LD_RUNPATH_SEARCH_PATHS = (
					"$(inherited)",
					"@executable_path/Frameworks",
				);
				MARKETING_VERSION = 1.0;
				PRODUCT_BUNDLE_IDENTIFIER = Manu.WatchToHeal;
				PRODUCT_NAME = "$(TARGET_NAME)";
				STRING_CATALOG_GENERATE_SYMBOLS = YES;
				SWIFT_APPROACHABLE_CONCURRENCY = YES;
				SWIFT_DEFAULT_ACTOR_ISOLATION = MainActor;
				SWIFT_EMIT_LOC_STRINGS = YES;
				SWIFT_UPCOMING_FEATURE_MEMBER_IMPORT_VISIBILITY = YES;
				SWIFT_VERSION = 5.0;
				TARGETED_DEVICE_FAMILY = "1,2";
			};
			name = Debug;
		};
		90F9EAAC2EEE0B6700A8FF23 /* Release */ = {
			isa = XCBuildConfiguration;
			buildSettings = {
				ASSETCATALOG_COMPILER_APPICON_NAME = AppIcon;
				ASSETCATALOG_COMPILER_GLOBAL_ACCENT_COLOR_NAME = AccentColor;
				CODE_SIGN_STYLE = Automatic;
				CURRENT_PROJECT_VERSION = 1;
				DEVELOPMENT_TEAM = 428T9SP6S4;
				ENABLE_PREVIEWS = YES;
				GENERATE_INFOPLIST_FILE = YES;
				INFOPLIST_FILE = WatchToHeal/Info.plist;
				INFOPLIST_KEY_UIApplicationSceneManifest_Generation = YES;
				INFOPLIST_KEY_UIApplicationSupportsIndirectInputEvents = YES;
				INFOPLIST_KEY_UILaunchScreen_Generation = YES;
				INFOPLIST_KEY_UISupportedInterfaceOrientations_iPad = "UIInterfaceOrientationPortrait UIInterfaceOrientationPortraitUpsideDown UIInterfaceOrientationLandscapeLeft UIInterfaceOrientationLandscapeRight";
				INFOPLIST_KEY_UISupportedInterfaceOrientations_iPhone = "UIInterfaceOrientationPortrait UIInterfaceOrientationLandscapeLeft UIInterfaceOrientationLandscapeRight";
				LD_RUNPATH_SEARCH_PATHS = (
					"$(inherited)",
					"@executable_path/Frameworks",
				);
				MARKETING_VERSION = 1.0;
				PRODUCT_BUNDLE_IDENTIFIER = Manu.WatchToHeal;
				PRODUCT_NAME = "$(TARGET_NAME)";
				STRING_CATALOG_GENERATE_SYMBOLS = YES;
				SWIFT_APPROACHABLE_CONCURRENCY = YES;
				SWIFT_DEFAULT_ACTOR_ISOLATION = MainActor;
				SWIFT_EMIT_LOC_STRINGS = YES;
				SWIFT_UPCOMING_FEATURE_MEMBER_IMPORT_VISIBILITY = YES;
				SWIFT_VERSION = 5.0;
				TARGETED_DEVICE_FAMILY = "1,2";
			};
			name = Release;
		};
		90F9EAAE2EEE0B6700A8FF23 /* Debug */ = {
			isa = XCBuildConfiguration;
			buildSettings = {
				BUNDLE_LOADER = "$(TEST_HOST)";
				CODE_SIGN_STYLE = Automatic;
				CURRENT_PROJECT_VERSION = 1;
				DEVELOPMENT_TEAM = 8D5D6HU857;
				GENERATE_INFOPLIST_FILE = YES;
				IPHONEOS_DEPLOYMENT_TARGET = 26.2;
				MARKETING_VERSION = 1.0;
				PRODUCT_BUNDLE_IDENTIFIER = Manu.WatchToHealTests;
				PRODUCT_NAME = "$(TARGET_NAME)";
				STRING_CATALOG_GENERATE_SYMBOLS = NO;
				SWIFT_APPROACHABLE_CONCURRENCY = YES;
				SWIFT_EMIT_LOC_STRINGS = NO;
				SWIFT_UPCOMING_FEATURE_MEMBER_IMPORT_VISIBILITY = YES;
				SWIFT_VERSION = 5.0;
				TARGETED_DEVICE_FAMILY = "1,2";
				TEST_HOST = "$(BUILT_PRODUCTS_DIR)/WatchToHeal.app/$(BUNDLE_EXECUTABLE_FOLDER_PATH)/WatchToHeal";
			};
			name = Debug;
		};
		90F9EAAF2EEE0B6700A8FF23 /* Release */ = {
			isa = XCBuildConfiguration;
			buildSettings = {
				BUNDLE_LOADER = "$(TEST_HOST)";
				CODE_SIGN_STYLE = Automatic;
				CURRENT_PROJECT_VERSION = 1;
				DEVELOPMENT_TEAM = 8D5D6HU857;
				GENERATE_INFOPLIST_FILE = YES;
				IPHONEOS_DEPLOYMENT_TARGET = 26.2;
				MARKETING_VERSION = 1.0;
				PRODUCT_BUNDLE_IDENTIFIER = Manu.WatchToHealTests;
				PRODUCT_NAME = "$(TARGET_NAME)";
				STRING_CATALOG_GENERATE_SYMBOLS = NO;
				SWIFT_APPROACHABLE_CONCURRENCY = YES;
				SWIFT_EMIT_LOC_STRINGS = NO;
				SWIFT_UPCOMING_FEATURE_MEMBER_IMPORT_VISIBILITY = YES;
				SWIFT_VERSION = 5.0;
				TARGETED_DEVICE_FAMILY = "1,2";
				TEST_HOST = "$(BUILT_PRODUCTS_DIR)/WatchToHeal.app/$(BUNDLE_EXECUTABLE_FOLDER_PATH)/WatchToHeal";
			};
			name = Release;
		};
		90F9EAB12EEE0B6700A8FF23 /* Debug */ = {
			isa = XCBuildConfiguration;
			buildSettings = {
				CODE_SIGN_STYLE = Automatic;
				CURRENT_PROJECT_VERSION = 1;
				DEVELOPMENT_TEAM = 8D5D6HU857;
				GENERATE_INFOPLIST_FILE = YES;
				MARKETING_VERSION = 1.0;
				PRODUCT_BUNDLE_IDENTIFIER = Manu.WatchToHealUITests;
				PRODUCT_NAME = "$(TARGET_NAME)";
				STRING_CATALOG_GENERATE_SYMBOLS = NO;
				SWIFT_APPROACHABLE_CONCURRENCY = YES;
				SWIFT_EMIT_LOC_STRINGS = NO;
				SWIFT_UPCOMING_FEATURE_MEMBER_IMPORT_VISIBILITY = YES;
				SWIFT_VERSION = 5.0;
				TARGETED_DEVICE_FAMILY = "1,2";
				TEST_TARGET_NAME = WatchToHeal;
			};
			name = Debug;
		};
		90F9EAB22EEE0B6700A8FF23 /* Release */ = {
			isa = XCBuildConfiguration;
			buildSettings = {
				CODE_SIGN_STYLE = Automatic;
				CURRENT_PROJECT_VERSION = 1;
				DEVELOPMENT_TEAM = 8D5D6HU857;
				GENERATE_INFOPLIST_FILE = YES;
				MARKETING_VERSION = 1.0;
				PRODUCT_BUNDLE_IDENTIFIER = Manu.WatchToHealUITests;
				PRODUCT_NAME = "$(TARGET_NAME)";
				STRING_CATALOG_GENERATE_SYMBOLS = NO;
				SWIFT_APPROACHABLE_CONCURRENCY = YES;
				SWIFT_EMIT_LOC_STRINGS = NO;
				SWIFT_UPCOMING_FEATURE_MEMBER_IMPORT_VISIBILITY = YES;
				SWIFT_VERSION = 5.0;
				TARGETED_DEVICE_FAMILY = "1,2";
				TEST_TARGET_NAME = WatchToHeal;
			};
			name = Release;
		};
/* End XCBuildConfiguration section */

/* Begin XCConfigurationList section */
		90F9EA842EEE0B6600A8FF23 /* Build configuration list for PBXProject "WatchToHeal" */ = {
			isa = XCConfigurationList;
			buildConfigurations = (
				90F9EAA82EEE0B6700A8FF23 /* Debug */,
				90F9EAA92EEE0B6700A8FF23 /* Release */,
			);
			defaultConfigurationIsVisible = 0;
			defaultConfigurationName = Release;
		};
		90F9EAAA2EEE0B6700A8FF23 /* Build configuration list for PBXNativeTarget "WatchToHeal" */ = {
			isa = XCConfigurationList;
			buildConfigurations = (
				90F9EAAB2EEE0B6700A8FF23 /* Debug */,
				90F9EAAC2EEE0B6700A8FF23 /* Release */,
			);
			defaultConfigurationIsVisible = 0;
			defaultConfigurationName = Release;
		};
		90F9EAAD2EEE0B6700A8FF23 /* Build configuration list for PBXNativeTarget "WatchToHealTests" */ = {
			isa = XCConfigurationList;
			buildConfigurations = (
				90F9EAAE2EEE0B6700A8FF23 /* Debug */,
				90F9EAAF2EEE0B6700A8FF23 /* Release */,
			);
			defaultConfigurationIsVisible = 0;
			defaultConfigurationName = Release;
		};
		90F9EAB02EEE0B6700A8FF23 /* Build configuration list for PBXNativeTarget "WatchToHealUITests" */ = {
			isa = XCConfigurationList;
			buildConfigurations = (
				90F9EAB12EEE0B6700A8FF23 /* Debug */,
				90F9EAB22EEE0B6700A8FF23 /* Release */,
			);
			defaultConfigurationIsVisible = 0;
			defaultConfigurationName = Release;
		};
/* End XCConfigurationList section */

/* Begin XCRemoteSwiftPackageReference section */
		907A28B02EEEC46D003FC6F2 /* XCRemoteSwiftPackageReference "GoogleSignIn-iOS" */ = {
			isa = XCRemoteSwiftPackageReference;
			repositoryURL = "https://github.com/google/GoogleSignIn-iOS.git";
			requirement = {
				kind = upToNextMajorVersion;
				minimumVersion = 9.0.0;
			};
		};
		907A28B52EEEC506003FC6F2 /* XCRemoteSwiftPackageReference "firebase-ios-sdk" */ = {
			isa = XCRemoteSwiftPackageReference;
			repositoryURL = "https://github.com/firebase/firebase-ios-sdk.git";
			requirement = {
				kind = upToNextMajorVersion;
				minimumVersion = 12.7.0;
			};
		};
		90C1624A2EFE4EBF00F07ED7 /* XCRemoteSwiftPackageReference "Auth0" */ = {
			isa = XCRemoteSwiftPackageReference;
			repositoryURL = "https://github.com/auth0/Auth0.swift";
			requirement = {
				kind = upToNextMajorVersion;
				minimumVersion = 2.16.1;
			};
		};
		90C50FC62EF9B0790062B131 /* XCRemoteSwiftPackageReference "lottie-ios" */ = {
			isa = XCRemoteSwiftPackageReference;
			repositoryURL = "https://github.com/airbnb/lottie-ios.git";
			requirement = {
				kind = upToNextMajorVersion;
				minimumVersion = 4.5.2;
			};
		};
/* End XCRemoteSwiftPackageReference section */

/* Begin XCSwiftPackageProductDependency section */
		907A28B12EEEC46D003FC6F2 /* GoogleSignIn */ = {
			isa = XCSwiftPackageProductDependency;
			package = 907A28B02EEEC46D003FC6F2 /* XCRemoteSwiftPackageReference "GoogleSignIn-iOS" */;
			productName = GoogleSignIn;
		};
		907A28B32EEEC46D003FC6F2 /* GoogleSignInSwift */ = {
			isa = XCSwiftPackageProductDependency;
			package = 907A28B02EEEC46D003FC6F2 /* XCRemoteSwiftPackageReference "GoogleSignIn-iOS" */;
			productName = GoogleSignInSwift;
		};
		907A28B62EEEC506003FC6F2 /* FirebaseAuth */ = {
			isa = XCSwiftPackageProductDependency;
			package = 907A28B52EEEC506003FC6F2 /* XCRemoteSwiftPackageReference "firebase-ios-sdk" */;
			productName = FirebaseAuth;
		};
		907A28B82EEEC506003FC6F2 /* FirebaseCore */ = {
			isa = XCSwiftPackageProductDependency;
			package = 907A28B52EEEC506003FC6F2 /* XCRemoteSwiftPackageReference "firebase-ios-sdk" */;
			productName = FirebaseCore;
		};
		907A28BA2EEEC506003FC6F2 /* FirebaseFirestore */ = {
			isa = XCSwiftPackageProductDependency;
			package = 907A28B52EEEC506003FC6F2 /* XCRemoteSwiftPackageReference "firebase-ios-sdk" */;
			productName = FirebaseFirestore;
		};
		90AC97FC2EFB122700768BD5 /* FirebaseAILogic */ = {
			isa = XCSwiftPackageProductDependency;
			package = 907A28B52EEEC506003FC6F2 /* XCRemoteSwiftPackageReference "firebase-ios-sdk" */;
			productName = FirebaseAILogic;
		};
		90C1624B2EFE4EBF00F07ED7 /* Auth0 */ = {
			isa = XCSwiftPackageProductDependency;
			package = 90C1624A2EFE4EBF00F07ED7 /* XCRemoteSwiftPackageReference "Auth0" */;
			productName = Auth0;
		};
		90C50FC72EF9B0790062B131 /* Lottie */ = {
			isa = XCSwiftPackageProductDependency;
			package = 90C50FC62EF9B0790062B131 /* XCRemoteSwiftPackageReference "lottie-ios" */;
			productName = Lottie;
		};
/* End XCSwiftPackageProductDependency section */
	};
	rootObject = 90F9EA812EEE0B6600A8FF23 /* Project object */;
}
